
Microsoft Visual Studio Solution File, Format Version 12.00
# Visual Studio Version 17
VisualStudioVersion = 17.1.32228.430
MinimumVisualStudioVersion = 10.0.40219.1
Project("{FAE04EC0-301F-11D3-BF4B-00C04F79EFBC}") = "Questao2", "Questao2\Questao2.csproj", "{EC3A5320-2FBB-416A-8446-A8C6A53DF166}"
EndProject
Global
	GlobalSection(SolutionConfigurationPlatforms) = preSolution
		Debug|Any CPU = Debug|Any CPU
		Release|Any CPU = Release|Any CPU
	EndGlobalSection
	GlobalSection(ProjectConfigurationPlatforms) = postSolution
		{EC3A5320-2FBB-416A-8446-A8C6A53DF166}.Debug|Any CPU.ActiveCfg = Debug|Any CPU
		{EC3A5320-2FBB-416A-8446-A8C6A53DF166}.Debug|Any CPU.Build.0 = Debug|Any CPU
		{EC3A5320-2FBB-416A-8446-A8C6A53DF166}.Release|Any CPU.ActiveCfg = Release|Any CPU
		{EC3A5320-2FBB-416A-8446-A8C6A53DF166}.Release|Any CPU.Build.0 = Release|Any CPU
	EndGlobalSection
	GlobalSection(SolutionProperties) = preSolution
		HideSolutionNode = FALSE
	EndGlobalSection
	GlobalSection(ExtensibilityGlobals) = postSolution
		SolutionGuid = {A0EE00CE-1BE8-4E52-83E6-8664CCDFFD3A}
	EndGlobalSection
EndGlobal
